
Microsoft Visual Studio Solution File, Format Version 12.00
# Visual Studio Version 17
VisualStudioVersion = 17.7.34221.43
MinimumVisualStudioVersion = 10.0.40219.1
Project("{FAE04EC0-301F-11D3-BF4B-00C04F79EFBC}") = "UtilityBot", "UtilityBot\UtilityBot.csproj", "{6229270D-B1E4-4414-B2F2-FB98A7B0EDD5}"
EndProject
Global
	GlobalSection(SolutionConfigurationPlatforms) = preSolution
		Debug|Any CPU = Debug|Any CPU
		Release|Any CPU = Release|Any CPU
	EndGlobalSection
	GlobalSection(ProjectConfigurationPlatforms) = postSolution
		{6229270D-B1E4-4414-B2F2-FB98A7B0EDD5}.Debug|Any CPU.ActiveCfg = Debug|Any CPU
		{6229270D-B1E4-4414-B2F2-FB98A7B0EDD5}.Debug|Any CPU.Build.0 = Debug|Any CPU
		{6229270D-B1E4-4414-B2F2-FB98A7B0EDD5}.Release|Any CPU.ActiveCfg = Release|Any CPU
		{6229270D-B1E4-4414-B2F2-FB98A7B0EDD5}.Release|Any CPU.Build.0 = Release|Any CPU
	EndGlobalSection
	GlobalSection(SolutionProperties) = preSolution
		HideSolutionNode = FALSE
	EndGlobalSection
	GlobalSection(ExtensibilityGlobals) = postSolution
		SolutionGuid = {364E52D9-F736-460F-A301-25C5ADCC1C20}
	EndGlobalSection
EndGlobal
